
Microsoft Visual Studio Solution File, Format Version 11.00
# Visual Studio 2010
Project("{F184B08F-C81C-45F6-A57F-5ABD9991F28F}") = "malc1zvb1430", "malc1zvb1430\malc1zvb1430.vbproj", "{BDCAA18D-16CF-4942-B89F-1C81A932D157}"
EndProject
Global
	GlobalSection(SolutionConfigurationPlatforms) = preSolution
		Debug|Any CPU = Debug|Any CPU
		Release|Any CPU = Release|Any CPU
	EndGlobalSection
	GlobalSection(ProjectConfigurationPlatforms) = postSolution
		{BDCAA18D-16CF-4942-B89F-1C81A932D157}.Debug|Any CPU.ActiveCfg = Debug|Any CPU
		{BDCAA18D-16CF-4942-B89F-1C81A932D157}.Debug|Any CPU.Build.0 = Debug|Any CPU
		{BDCAA18D-16CF-4942-B89F-1C81A932D157}.Release|Any CPU.ActiveCfg = Release|Any CPU
		{BDCAA18D-16CF-4942-B89F-1C81A932D157}.Release|Any CPU.Build.0 = Release|Any CPU
	EndGlobalSection
	GlobalSection(SolutionProperties) = preSolution
		HideSolutionNode = FALSE
	EndGlobalSection
EndGlobal
