
Microsoft Visual Studio Solution File, Format Version 11.00
# Visual Studio 2010
Project("{FAE04EC0-301F-11D3-BF4B-00C04F79EFBC}") = "GrosDialog", "GrosDialog\GrosDialog.csproj", "{D6308077-41B6-43D2-B162-9E7DFCA3B577}"
EndProject
Global
	GlobalSection(SolutionConfigurationPlatforms) = preSolution
		Debug|Any CPU = Debug|Any CPU
		Release|Any CPU = Release|Any CPU
	EndGlobalSection
	GlobalSection(ProjectConfigurationPlatforms) = postSolution
		{D6308077-41B6-43D2-B162-9E7DFCA3B577}.Debug|Any CPU.ActiveCfg = Debug|Any CPU
		{D6308077-41B6-43D2-B162-9E7DFCA3B577}.Debug|Any CPU.Build.0 = Debug|Any CPU
		{D6308077-41B6-43D2-B162-9E7DFCA3B577}.Release|Any CPU.ActiveCfg = Release|Any CPU
		{D6308077-41B6-43D2-B162-9E7DFCA3B577}.Release|Any CPU.Build.0 = Release|Any CPU
	EndGlobalSection
	GlobalSection(SolutionProperties) = preSolution
		HideSolutionNode = FALSE
	EndGlobalSection
EndGlobal
